// !$*UTF8*$!
{
	archiveVersion = 1;
	classes = {
	};
	objectVersion = 46;
	objects = {

/* Begin PBXBuildFile section */
		3A29531F1EF9B4E5002DBA58 /* AppDelegate.swift in Sources */ = {isa = PBXBuildFile; fileRef = 3A29531E1EF9B4E5002DBA58 /* AppDelegate.swift */; };
		3A2953211EF9B4E5002DBA58 /* GameScene.sks in Resources */ = {isa = PBXBuildFile; fileRef = 3A2953201EF9B4E5002DBA58 /* GameScene.sks */; };
		3A2953231EF9B4E5002DBA58 /* Actions.sks in Resources */ = {isa = PBXBuildFile; fileRef = 3A2953221EF9B4E5002DBA58 /* Actions.sks */; };
		3A2953251EF9B4E5002DBA58 /* GameScene.swift in Sources */ = {isa = PBXBuildFile; fileRef = 3A2953241EF9B4E5002DBA58 /* GameScene.swift */; };
		3A2953271EF9B4E5002DBA58 /* GameViewController.swift in Sources */ = {isa = PBXBuildFile; fileRef = 3A2953261EF9B4E5002DBA58 /* GameViewController.swift */; };
		3A29532A1EF9B4E5002DBA58 /* Main.storyboard in Resources */ = {isa = PBXBuildFile; fileRef = 3A2953281EF9B4E5002DBA58 /* Main.storyboard */; };
		3A29532C1EF9B4E5002DBA58 /* Assets.xcassets in Resources */ = {isa = PBXBuildFile; fileRef = 3A29532B1EF9B4E5002DBA58 /* Assets.xcassets */; };
		3A29532F1EF9B4E5002DBA58 /* LaunchScreen.storyboard in Resources */ = {isa = PBXBuildFile; fileRef = 3A29532D1EF9B4E5002DBA58 /* LaunchScreen.storyboard */; };
/* End PBXBuildFile section */

/* Begin PBXFileReference section */
		3A29531B1EF9B4E5002DBA58 /* Super Koalio.app */ = {isa = PBXFileReference; explicitFileType = wrapper.application; includeInIndex = 0; path = "Super Koalio.app"; sourceTree = BUILT_PRODUCTS_DIR; };
		3A29531E1EF9B4E5002DBA58 /* AppDelegate.swift */ = {isa = PBXFileReference; lastKnownFileType = sourcecode.swift; path = AppDelegate.swift; sourceTree = "<group>"; };
		3A2953201EF9B4E5002DBA58 /* GameScene.sks */ = {isa = PBXFileReference; lastKnownFileType = file.sks; path = GameScene.sks; sourceTree = "<group>"; };
		3A2953221EF9B4E5002DBA58 /* Actions.sks */ = {isa = PBXFileReference; lastKnownFileType = file.sks; path = Actions.sks; sourceTree = "<group>"; };
		3A2953241EF9B4E5002DBA58 /* GameScene.swift */ = {isa = PBXFileReference; lastKnownFileType = sourcecode.swift; path = GameScene.swift; sourceTree = "<group>"; };
		3A2953261EF9B4E5002DBA58 /* GameViewController.swift */ = {isa = PBXFileReference; lastKnownFileType = sourcecode.swift; path = GameViewController.swift; sourceTree = "<group>"; };
		3A2953291EF9B4E5002DBA58 /* Base */ = {isa = PBXFileReference; lastKnownFileType = file.storyboard; name = Base; path = Base.lproj/Main.storyboard; sourceTree = "<group>"; };
		3A29532B1EF9B4E5002DBA58 /* Assets.xcassets */ = {isa = PBXFileReference; lastKnownFileType = folder.assetcatalog; path = Assets.xcassets; sourceTree = "<group>"; };
		3A29532E1EF9B4E5002DBA58 /* Base */ = {isa = PBXFileReference; lastKnownFileType = file.storyboard; name = Base; path = Base.lproj/LaunchScreen.storyboard; sourceTree = "<group>"; };
		3A2953301EF9B4E5002DBA58 /* Info.plist */ = {isa = PBXFileReference; lastKnownFileType = text.plist.xml; path = Info.plist; sourceTree = "<group>"; };
/* End PBXFileReference section */

/* Begin PBXFrameworksBuildPhase section */
		3A2953181EF9B4E5002DBA58 /* Frameworks */ = {
			isa = PBXFrameworksBuildPhase;
			buildActionMask = 2147483647;
			files = (
			);
			runOnlyForDeploymentPostprocessing = 0;
		};
/* End PBXFrameworksBuildPhase section */

/* Begin PBXGroup section */
		3A2953121EF9B4E5002DBA58 = {
			isa = PBXGroup;
			children = (
				3A29531D1EF9B4E5002DBA58 /* Super Koalio */,
				3A29531C1EF9B4E5002DBA58 /* Products */,
			);
			sourceTree = "<group>";
		};
		3A29531C1EF9B4E5002DBA58 /* Products */ = {
			isa = PBXGroup;
			children = (
				3A29531B1EF9B4E5002DBA58 /* Super Koalio.app */,
			);
			name = Products;
			sourceTree = "<group>";
		};
		3A29531D1EF9B4E5002DBA58 /* Super Koalio */ = {
			isa = PBXGroup;
			children = (
				3A29531E1EF9B4E5002DBA58 /* AppDelegate.swift */,
				3A2953201EF9B4E5002DBA58 /* GameScene.sks */,
				3A2953221EF9B4E5002DBA58 /* Actions.sks */,
				3A2953241EF9B4E5002DBA58 /* GameScene.swift */,
				3A2953261EF9B4E5002DBA58 /* GameViewController.swift */,
				3A2953281EF9B4E5002DBA58 /* Main.storyboard */,
				3A29532B1EF9B4E5002DBA58 /* Assets.xcassets */,
				3A29532D1EF9B4E5002DBA58 /* LaunchScreen.storyboard */,
				3A2953301EF9B4E5002DBA58 /* Info.plist */,
			);
			path = "Super Koalio";
			sourceTree = "<group>";
		};
/* End PBXGroup section */

/* Begin PBXNativeTarget section */
		3A29531A1EF9B4E5002DBA58 /* Super Koalio */ = {
			isa = PBXNativeTarget;
			buildConfigurationList = 3A2953331EF9B4E5002DBA58 /* Build configuration list for PBXNativeTarget "Super Koalio" */;
			buildPhases = (
				3A2953171EF9B4E5002DBA58 /* Sources */,
				3A2953181EF9B4E5002DBA58 /* Frameworks */,
				3A2953191EF9B4E5002DBA58 /* Resources */,
			);
			buildRules = (
			);
			dependencies = (
			);
			name = "Super Koalio";
			productName = "Super Koalio";
			productReference = 3A29531B1EF9B4E5002DBA58 /* Super Koalio.app */;
			productType = "com.apple.product-type.application";
		};
/* End PBXNativeTarget section */

/* Begin PBXProject section */
		3A2953131EF9B4E5002DBA58 /* Project object */ = {
			isa = PBXProject;
			attributes = {
				LastSwiftUpdateCheck = 0830;
				LastUpgradeCheck = 0830;
				ORGANIZATIONNAME = JackieDog;
				TargetAttributes = {
					3A29531A1EF9B4E5002DBA58 = {
						CreatedOnToolsVersion = 8.3.2;
						DevelopmentTeam = C6CPT23T6P;
						ProvisioningStyle = Automatic;
					};
				};
			};
			buildConfigurationList = 3A2953161EF9B4E5002DBA58 /* Build configuration list for PBXProject "Super Koalio" */;
			compatibilityVersion = "Xcode 3.2";
			developmentRegion = English;
			hasScannedForEncodings = 0;
			knownRegions = (
				en,
				Base,
			);
			mainGroup = 3A2953121EF9B4E5002DBA58;
			productRefGroup = 3A29531C1EF9B4E5002DBA58 /* Products */;
			projectDirPath = "";
			projectRoot = "";
			targets = (
				3A29531A1EF9B4E5002DBA58 /* Super Koalio */,
			);
		};
/* End PBXProject section */

/* Begin PBXResourcesBuildPhase section */
		3A2953191EF9B4E5002DBA58 /* Resources */ = {
			isa = PBXResourcesBuildPhase;
			buildActionMask = 2147483647;
			files = (
				3A29532A1EF9B4E5002DBA58 /* Main.storyboard in Resources */,
				3A2953211EF9B4E5002DBA58 /* GameScene.sks in Resources */,
				3A29532C1EF9B4E5002DBA58 /* Assets.xcassets in Resources */,
				3A29532F1EF9B4E5002DBA58 /* LaunchScreen.storyboard in Resources */,
				3A2953231EF9B4E5002DBA58 /* Actions.sks in Resources */,
			);
			runOnlyForDeploymentPostprocessing = 0;
		};
/* End PBXResourcesBuildPhase section */

/* Begin PBXSourcesBuildPhase section */
		3A2953171EF9B4E5002DBA58 /* Sources */ = {
			isa = PBXSourcesBuildPhase;
			buildActionMask = 2147483647;
			files = (
				3A2953251EF9B4E5002DBA58 /* GameScene.swift in Sources */,
				3A2953271EF9B4E5002DBA58 /* GameViewController.swift in Sources */,
				3A29531F1EF9B4E5002DBA58 /* AppDelegate.swift in Sources */,
			);
			runOnlyForDeploymentPostprocessing = 0;
		};
/* End PBXSourcesBuildPhase section */

/* Begin PBXVariantGroup section */
		3A2953281EF9B4E5002DBA58 /* Main.storyboard */ = {
			isa = PBXVariantGroup;
			children = (
				3A2953291EF9B4E5002DBA58 /* Base */,
			);
			name = Main.storyboard;
			sourceTree = "<group>";
		};
		3A29532D1EF9B4E5002DBA58 /* LaunchScreen.storyboard */ = {
			isa = PBXVariantGroup;
			children = (
				3A29532E1EF9B4E5002DBA58 /* Base */,
			);
			name = LaunchScreen.storyboard;
			sourceTree = "<group>";
		};
/* End PBXVariantGroup section */

/* Begin XCBuildConfiguration section */
		3A2953311EF9B4E5002DBA58 /* Debug */ = {
			isa = XCBuildConfiguration;
			buildSettings = {
				ALWAYS_SEARCH_USER_PATHS = NO;
				CLANG_ANALYZER_NONNULL = YES;
				CLANG_ANALYZER_NUMBER_OBJECT_CONVERSION = YES_AGGRESSIVE;
				CLANG_CXX_LANGUAGE_STANDARD = "gnu++0x";
				CLANG_CXX_LIBRARY = "libc++";
				CLANG_ENABLE_MODULES = YES;
				CLANG_ENABLE_OBJC_ARC = YES;
				CLANG_WARN_BOOL_CONVERSION = YES;
				CLANG_WARN_CONSTANT_CONVERSION = YES;
				CLANG_WARN_DIRECT_OBJC_ISA_USAGE = YES_ERROR;
				CLANG_WARN_DOCUMENTATION_COMMENTS = YES;
				CLANG_WARN_EMPTY_BODY = YES;
				CLANG_WARN_ENUM_CONVERSION = YES;
				CLANG_WARN_INFINITE_RECURSION = YES;
				CLANG_WARN_INT_CONVERSION = YES;
				CLANG_WARN_OBJC_ROOT_CLASS = YES_ERROR;
				CLANG_WARN_SUSPICIOUS_MOVE = YES;
				CLANG_WARN_UNREACHABLE_CODE = YES;
				CLANG_WARN__DUPLICATE_METHOD_MATCH = YES;
				"CODE_SIGN_IDENTITY[sdk=iphoneos*]" = "iPhone Developer";
				COPY_PHASE_STRIP = NO;
				DEBUG_INFORMATION_FORMAT = dwarf;
				ENABLE_STRICT_OBJC_MSGSEND = YES;
				ENABLE_TESTABILITY = YES;
				GCC_C_LANGUAGE_STANDARD = gnu99;
				GCC_DYNAMIC_NO_PIC = NO;
				GCC_NO_COMMON_BLOCKS = YES;
				GCC_OPTIMIZATION_LEVEL = 0;
				GCC_PREPROCESSOR_DEFINITIONS = (
					"DEBUG=1",
					"$(inherited)",
				);
				GCC_WARN_64_TO_32_BIT_CONVERSION = YES;
				GCC_WARN_ABOUT_RETURN_TYPE = YES_ERROR;
				GCC_WARN_UNDECLARED_SELECTOR = YES;
				GCC_WARN_UNINITIALIZED_AUTOS = YES_AGGRESSIVE;
				GCC_WARN_UNUSED_FUNCTION = YES;
				GCC_WARN_UNUSED_VARIABLE = YES;
				IPHONEOS_DEPLOYMENT_TARGET = 10.3;
				MTL_ENABLE_DEBUG_INFO = YES;
				ONLY_ACTIVE_ARCH = YES;
				SDKROOT = iphoneos;
				SWIFT_ACTIVE_COMPILATION_CONDITIONS = DEBUG;
				SWIFT_OPTIMIZATION_LEVEL = "-Onone";
				TARGETED_DEVICE_FAMILY = "1,2";
			};
			name = Debug;
		};
		3A2953321EF9B4E5002DBA58 /* Release */ = {
			isa = XCBuildConfiguration;
			buildSettings = {
				ALWAYS_SEARCH_USER_PATHS = NO;
				CLANG_ANALYZER_NONNULL = YES;
				CLANG_ANALYZER_NUMBER_OBJECT_CONVERSION = YES_AGGRESSIVE;
				CLANG_CXX_LANGUAGE_STANDARD = "gnu++0x";
				CLANG_CXX_LIBRARY = "libc++";
				CLANG_ENABLE_MODULES = YES;
				CLANG_ENABLE_OBJC_ARC = YES;
				CLANG_WARN_BOOL_CONVERSION = YES;
				CLANG_WARN_CONSTANT_CONVERSION = YES;
				CLANG_WARN_DIRECT_OBJC_ISA_USAGE = YES_ERROR;
				CLANG_WARN_DOCUMENTATION_COMMENTS = YES;
				CLANG_WARN_EMPTY_BODY = YES;
				CLANG_WARN_ENUM_CONVERSION = YES;
				CLANG_WARN_INFINITE_RECURSION = YES;
				CLANG_WARN_INT_CONVERSION = YES;
				CLANG_WARN_OBJC_ROOT_CLASS = YES_ERROR;
				CLANG_WARN_SUSPICIOUS_MOVE = YES;
				CLANG_WARN_UNREACHABLE_CODE = YES;
				CLANG_WARN__DUPLICATE_METHOD_MATCH = YES;
				"CODE_SIGN_IDENTITY[sdk=iphoneos*]" = "iPhone Developer";
				COPY_PHASE_STRIP = NO;
				DEBUG_INFORMATION_FORMAT = "dwarf-with-dsym";
				ENABLE_NS_ASSERTIONS = NO;
				ENABLE_STRICT_OBJC_MSGSEND = YES;
				GCC_C_LANGUAGE_STANDARD = gnu99;
				GCC_NO_COMMON_BLOCKS = YES;
				GCC_WARN_64_TO_32_BIT_CONVERSION = YES;
				GCC_WARN_ABOUT_RETURN_TYPE = YES_ERROR;
				GCC_WARN_UNDECLARED_SELECTOR = YES;
				GCC_WARN_UNINITIALIZED_AUTOS = YES_AGGRESSIVE;
				GCC_WARN_UNUSED_FUNCTION = YES;
				GCC_WARN_UNUSED_VARIABLE = YES;
				IPHONEOS_DEPLOYMENT_TARGET = 10.3;
				MTL_ENABLE_DEBUG_INFO = NO;
				SDKROOT = iphoneos;
				SWIFT_OPTIMIZATION_LEVEL = "-Owholemodule";
				TARGETED_DEVICE_FAMILY = "1,2";
				VALIDATE_PRODUCT = YES;
			};
			name = Release;
		};
		3A2953341EF9B4E5002DBA58 /* Debug */ = {
			isa = XCBuildConfiguration;
			buildSettings = {
				ASSETCATALOG_COMPILER_APPICON_NAME = AppIcon;
				DEVELOPMENT_TEAM = C6CPT23T6P;
				INFOPLIST_FILE = "Super Koalio/Info.plist";
				LD_RUNPATH_SEARCH_PATHS = "$(inherited) @executable_path/Frameworks";
				PRODUCT_BUNDLE_IDENTIFIER = "com.jackiedog.Super-Koalio";
				PRODUCT_NAME = "$(TARGET_NAME)";
				SWIFT_VERSION = 3.0;
			};
			name = Debug;
		};
		3A2953351EF9B4E5002DBA58 /* Release */ = {
			isa = XCBuildConfiguration;
			buildSettings = {
				ASSETCATALOG_COMPILER_APPICON_NAME = AppIcon;
				DEVELOPMENT_TEAM = C6CPT23T6P;
				INFOPLIST_FILE = "Super Koalio/Info.plist";
				LD_RUNPATH_SEARCH_PATHS = "$(inherited) @executable_path/Frameworks";
				PRODUCT_BUNDLE_IDENTIFIER = "com.jackiedog.Super-Koalio";
				PRODUCT_NAME = "$(TARGET_NAME)";
				SWIFT_VERSION = 3.0;
			};
			name = Release;
		};
/* End XCBuildConfiguration section */

/* Begin XCConfigurationList section */
		3A2953161EF9B4E5002DBA58 /* Build configuration list for PBXProject "Super Koalio" */ = {
			isa = XCConfigurationList;
			buildConfigurations = (
				3A2953311EF9B4E5002DBA58 /* Debug */,
				3A2953321EF9B4E5002DBA58 /* Release */,
			);
			defaultConfigurationIsVisible = 0;
			defaultConfigurationName = Release;
		};
		3A2953331EF9B4E5002DBA58 /* Build configuration list for PBXNativeTarget "Super Koalio" */ = {
			isa = XCConfigurationList;
			buildConfigurations = (
				3A2953341EF9B4E5002DBA58 /* Debug */,
				3A2953351EF9B4E5002DBA58 /* Release */,
			);
			defaultConfigurationIsVisible = 0;
		};
/* End XCConfigurationList section */
	};
	rootObject = 3A2953131EF9B4E5002DBA58 /* Project object */;
}
